
Microsoft Visual Studio Solution File, Format Version 12.00
# Visual Studio Version 16
VisualStudioVersion = 16.0.31829.152
MinimumVisualStudioVersion = 10.0.40219.1
Project("{FAE04EC0-301F-11D3-BF4B-00C04F79EFBC}") = "RazorPagesPizza", "RazorPagesPizza\RazorPagesPizza.csproj", "{A2A1F5BA-08CC-43C4-A539-1267E6BAD399}"
EndProject
Global
	GlobalSection(SolutionConfigurationPlatforms) = preSolution
		Debug|Any CPU = Debug|Any CPU
		Release|Any CPU = Release|Any CPU
	EndGlobalSection
	GlobalSection(ProjectConfigurationPlatforms) = postSolution
		{A2A1F5BA-08CC-43C4-A539-1267E6BAD399}.Debug|Any CPU.ActiveCfg = Debug|Any CPU
		{A2A1F5BA-08CC-43C4-A539-1267E6BAD399}.Debug|Any CPU.Build.0 = Debug|Any CPU
		{A2A1F5BA-08CC-43C4-A539-1267E6BAD399}.Release|Any CPU.ActiveCfg = Release|Any CPU
		{A2A1F5BA-08CC-43C4-A539-1267E6BAD399}.Release|Any CPU.Build.0 = Release|Any CPU
	EndGlobalSection
	GlobalSection(SolutionProperties) = preSolution
		HideSolutionNode = FALSE
	EndGlobalSection
	GlobalSection(ExtensibilityGlobals) = postSolution
		SolutionGuid = {49EE3035-6763-435B-A297-F31D7CCD08A2}
	EndGlobalSection
EndGlobal
